
Microsoft Visual Studio Solution File, Format Version 12.00
# Visual Studio Version 17
VisualStudioVersion = 17.0.31919.166
MinimumVisualStudioVersion = 10.0.40219.1
Project("{FAE04EC0-301F-11D3-BF4B-00C04F79EFBC}") = "harmonic number", "harmonic number.csproj", "{4D78AB2C-6C31-414F-8C27-2B3BC6A25223}"
EndProject
Global
	GlobalSection(SolutionConfigurationPlatforms) = preSolution
		Debug|Any CPU = Debug|Any CPU
		Release|Any CPU = Release|Any CPU
	EndGlobalSection
	GlobalSection(ProjectConfigurationPlatforms) = postSolution
		{4D78AB2C-6C31-414F-8C27-2B3BC6A25223}.Debug|Any CPU.ActiveCfg = Debug|Any CPU
		{4D78AB2C-6C31-414F-8C27-2B3BC6A25223}.Debug|Any CPU.Build.0 = Debug|Any CPU
		{4D78AB2C-6C31-414F-8C27-2B3BC6A25223}.Release|Any CPU.ActiveCfg = Release|Any CPU
		{4D78AB2C-6C31-414F-8C27-2B3BC6A25223}.Release|Any CPU.Build.0 = Release|Any CPU
	EndGlobalSection
	GlobalSection(SolutionProperties) = preSolution
		HideSolutionNode = FALSE
	EndGlobalSection
	GlobalSection(ExtensibilityGlobals) = postSolution
		SolutionGuid = {B5A99F22-42CA-448C-93FB-3E4C5A9A71BB}
	EndGlobalSection
EndGlobal
