
Microsoft Visual Studio Solution File, Format Version 12.00
# Visual Studio Version 17
VisualStudioVersion = 17.0.31919.166
MinimumVisualStudioVersion = 10.0.40219.1
Project("{FAE04EC0-301F-11D3-BF4B-00C04F79EFBC}") = "Large3Numbers", "Large3Numbers.csproj", "{796A8057-8E79-4D9D-A662-5919183F1D03}"
EndProject
Global
	GlobalSection(SolutionConfigurationPlatforms) = preSolution
		Debug|Any CPU = Debug|Any CPU
		Release|Any CPU = Release|Any CPU
	EndGlobalSection
	GlobalSection(ProjectConfigurationPlatforms) = postSolution
		{796A8057-8E79-4D9D-A662-5919183F1D03}.Debug|Any CPU.ActiveCfg = Debug|Any CPU
		{796A8057-8E79-4D9D-A662-5919183F1D03}.Debug|Any CPU.Build.0 = Debug|Any CPU
		{796A8057-8E79-4D9D-A662-5919183F1D03}.Release|Any CPU.ActiveCfg = Release|Any CPU
		{796A8057-8E79-4D9D-A662-5919183F1D03}.Release|Any CPU.Build.0 = Release|Any CPU
	EndGlobalSection
	GlobalSection(SolutionProperties) = preSolution
		HideSolutionNode = FALSE
	EndGlobalSection
	GlobalSection(ExtensibilityGlobals) = postSolution
		SolutionGuid = {4D7005CF-F704-40BD-A2F6-22BAAA840859}
	EndGlobalSection
EndGlobal
